
Microsoft Visual Studio Solution File, Format Version 12.00
# Visual Studio 14
VisualStudioVersion = 14.0.25420.1
MinimumVisualStudioVersion = 10.0.40219.1
Project("{8BC9CEB8-8B4A-11D0-8D11-00A0C91BC942}") = "Selection", "Selection\Selection.vcxproj", "{3FE284BE-4B61-4A6B-809E-FE50FB3D25E8}"
EndProject
Project("{8BC9CEB8-8B4A-11D0-8D11-00A0C91BC942}") = "Insertion", "Insertion\Insertion.vcxproj", "{4AB2D023-877E-459A-8EBE-7E8FF3C43BED}"
EndProject
Project("{8BC9CEB8-8B4A-11D0-8D11-00A0C91BC942}") = "Quick", "Quick\Quick.vcxproj", "{4CBB78C7-A177-4DF3-9E1F-3D19655EFA53}"
EndProject
Project("{8BC9CEB8-8B4A-11D0-8D11-00A0C91BC942}") = "BinarySearch", "BinarySearch\BinarySearch.vcxproj", "{AE1415ED-5797-4DE2-AEC6-E198F02A6F95}"
EndProject
Project("{8BC9CEB8-8B4A-11D0-8D11-00A0C91BC942}") = "Merge", "Merge\Merge.vcxproj", "{7EB3355C-29D9-4B37-AF31-DFDFE5FAA843}"
EndProject
Project("{8BC9CEB8-8B4A-11D0-8D11-00A0C91BC942}") = "Shell", "Shell\Shell.vcxproj", "{0E716A4C-E5A2-4609-BF1C-BAAC46701EFB}"
EndProject
Project("{8BC9CEB8-8B4A-11D0-8D11-00A0C91BC942}") = "Graphs", "Graphs\Graphs.vcxproj", "{BFBE7A25-6074-4E45-A596-DFB8295C26A3}"
EndProject
Project("{8BC9CEB8-8B4A-11D0-8D11-00A0C91BC942}") = "DepthFirstSearch", "DepthFirstSearch\DepthFirstSearch.vcxproj", "{C02BFC75-E7B3-4A5E-AAA9-4451DCF4E9F2}"
EndProject
Project("{8BC9CEB8-8B4A-11D0-8D11-00A0C91BC942}") = "DepthFirstPaths", "DepthFirstPaths\DepthFirstPaths.vcxproj", "{3158937B-938D-4F5B-8E08-8A83970BC0EC}"
EndProject
Project("{8BC9CEB8-8B4A-11D0-8D11-00A0C91BC942}") = "BreadthFirstPaths", "BreadthFirstPaths\BreadthFirstPaths.vcxproj", "{DDFCB941-FB45-4F55-A98F-5E17BF2DF780}"
EndProject
Project("{8BC9CEB8-8B4A-11D0-8D11-00A0C91BC942}") = "CC", "CC\CC.vcxproj", "{23A61816-7F33-4E54-8123-709876A8DC4F}"
EndProject
Project("{8BC9CEB8-8B4A-11D0-8D11-00A0C91BC942}") = "Cycle", "Cycle\Cycle.vcxproj", "{86ED23F9-6E8B-4E00-8EC9-1BB8BE29218A}"
EndProject
Project("{2150E333-8FDC-42A3-9474-1A3956D46DE8}") = "Chapter2", "Chapter2", "{C0650948-B9D3-47AE-8880-56506DAAF461}"
EndProject
Project("{2150E333-8FDC-42A3-9474-1A3956D46DE8}") = "Chapter3", "Chapter3", "{76162376-1A8F-4C68-A9D1-C17CA80C5001}"
EndProject
Project("{2150E333-8FDC-42A3-9474-1A3956D46DE8}") = "Chapter4", "Chapter4", "{1162CD28-FC94-44E0-A410-BEA0BB75450A}"
EndProject
Project("{2150E333-8FDC-42A3-9474-1A3956D46DE8}") = "Chapter5", "Chapter5", "{E7F1F80A-4AC2-49A0-A806-339BDEFDB685}"
EndProject
Project("{8BC9CEB8-8B4A-11D0-8D11-00A0C91BC942}") = "SymbolGraph", "SymbolGraph\SymbolGraph.vcxproj", "{5F768922-7B6E-4A1E-B2B5-D4D282F88C6E}"
EndProject
Project("{2150E333-8FDC-42A3-9474-1A3956D46DE8}") = "Common", "Common", "{4BACB3FB-AEFF-4779-8FFE-BA3D895755F8}"
	ProjectSection(SolutionItems) = preProject
		Common\string_utils.h = Common\string_utils.h
		Common\string_utils.inl = Common\string_utils.inl
	EndProjectSection
EndProject
Project("{8BC9CEB8-8B4A-11D0-8D11-00A0C91BC942}") = "Digraph", "Digraph\Digraph.vcxproj", "{1699DD49-825F-4829-8549-768E13046CEA}"
EndProject
Project("{8BC9CEB8-8B4A-11D0-8D11-00A0C91BC942}") = "DirectedDFS", "DirectedDFS\DirectedDFS.vcxproj", "{4DE15DC8-1F6D-487B-A2F6-308DE1C3B702}"
EndProject
Project("{8BC9CEB8-8B4A-11D0-8D11-00A0C91BC942}") = "DepthFirstDirectedPaths", "DepthFirstDirectedPaths\DepthFirstDirectedPaths.vcxproj", "{1E2069E6-7477-44FD-A484-C3270FD2E37C}"
EndProject
Project("{8BC9CEB8-8B4A-11D0-8D11-00A0C91BC942}") = "BreadthFirstDirectedPaths", "BreadthFirstDirectedPaths\BreadthFirstDirectedPaths.vcxproj", "{1078FC6F-4A75-4442-8651-BDA5DEBD8471}"
EndProject
Project("{8BC9CEB8-8B4A-11D0-8D11-00A0C91BC942}") = "DirectedCycle", "DirectedCycle\DirectedCycle.vcxproj", "{016A5907-3222-4A33-AB6E-0835F8B5929D}"
EndProject
Project("{8BC9CEB8-8B4A-11D0-8D11-00A0C91BC942}") = "DepthFirstOrder", "DepthFirstOrder\DepthFirstOrder.vcxproj", "{13BAF231-419B-4377-B7FF-2A0FBA5B3222}"
EndProject
Project("{8BC9CEB8-8B4A-11D0-8D11-00A0C91BC942}") = "Topological", "Topological\Topological.vcxproj", "{73C1BD12-819A-47E8-B1C3-3E1BA375F977}"
EndProject
Project("{8BC9CEB8-8B4A-11D0-8D11-00A0C91BC942}") = "SymbolDigraph", "SymbolDigraph\SymbolDigraph.vcxproj", "{8978AA8D-E32E-49B9-ACD8-0A10A8004EE3}"
EndProject
Project("{8BC9CEB8-8B4A-11D0-8D11-00A0C91BC942}") = "KosarajuSCC", "KosarajuSCC\KosarajuSCC.vcxproj", "{4C693DF2-AAEC-4979-90C7-858EDBFC752A}"
EndProject
Project("{8BC9CEB8-8B4A-11D0-8D11-00A0C91BC942}") = "TransitiveClosure", "TransitiveClosure\TransitiveClosure.vcxproj", "{E6F79DE6-C6EA-45E0-983A-6FAE3255DD18}"
EndProject
Project("{8BC9CEB8-8B4A-11D0-8D11-00A0C91BC942}") = "EdgeWeightedGraph", "EdgeWeightedGraph\EdgeWeightedGraph.vcxproj", "{70BA7A97-1A79-45B2-BE43-7663AF6376F7}"
EndProject
Project("{8BC9CEB8-8B4A-11D0-8D11-00A0C91BC942}") = "LazyPrimMST", "LazyPrimMST\LazyPrimMST.vcxproj", "{2E9B9192-A106-4FA4-B316-3D25A361EFDA}"
EndProject
Project("{8BC9CEB8-8B4A-11D0-8D11-00A0C91BC942}") = "PrimMST", "PrimMST\PrimMST.vcxproj", "{52CCF86C-5179-40B6-A7CB-7770D583543E}"
EndProject
Global
	GlobalSection(SolutionConfigurationPlatforms) = preSolution
		Debug|x64 = Debug|x64
		Debug|x86 = Debug|x86
		Release|x64 = Release|x64
		Release|x86 = Release|x86
	EndGlobalSection
	GlobalSection(ProjectConfigurationPlatforms) = postSolution
		{3FE284BE-4B61-4A6B-809E-FE50FB3D25E8}.Debug|x64.ActiveCfg = Debug|x64
		{3FE284BE-4B61-4A6B-809E-FE50FB3D25E8}.Debug|x64.Build.0 = Debug|x64
		{3FE284BE-4B61-4A6B-809E-FE50FB3D25E8}.Debug|x86.ActiveCfg = Debug|Win32
		{3FE284BE-4B61-4A6B-809E-FE50FB3D25E8}.Debug|x86.Build.0 = Debug|Win32
		{3FE284BE-4B61-4A6B-809E-FE50FB3D25E8}.Release|x64.ActiveCfg = Release|x64
		{3FE284BE-4B61-4A6B-809E-FE50FB3D25E8}.Release|x64.Build.0 = Release|x64
		{3FE284BE-4B61-4A6B-809E-FE50FB3D25E8}.Release|x86.ActiveCfg = Release|Win32
		{3FE284BE-4B61-4A6B-809E-FE50FB3D25E8}.Release|x86.Build.0 = Release|Win32
		{4AB2D023-877E-459A-8EBE-7E8FF3C43BED}.Debug|x64.ActiveCfg = Debug|x64
		{4AB2D023-877E-459A-8EBE-7E8FF3C43BED}.Debug|x64.Build.0 = Debug|x64
		{4AB2D023-877E-459A-8EBE-7E8FF3C43BED}.Debug|x86.ActiveCfg = Debug|Win32
		{4AB2D023-877E-459A-8EBE-7E8FF3C43BED}.Debug|x86.Build.0 = Debug|Win32
		{4AB2D023-877E-459A-8EBE-7E8FF3C43BED}.Release|x64.ActiveCfg = Release|x64
		{4AB2D023-877E-459A-8EBE-7E8FF3C43BED}.Release|x64.Build.0 = Release|x64
		{4AB2D023-877E-459A-8EBE-7E8FF3C43BED}.Release|x86.ActiveCfg = Release|Win32
		{4AB2D023-877E-459A-8EBE-7E8FF3C43BED}.Release|x86.Build.0 = Release|Win32
		{4CBB78C7-A177-4DF3-9E1F-3D19655EFA53}.Debug|x64.ActiveCfg = Debug|x64
		{4CBB78C7-A177-4DF3-9E1F-3D19655EFA53}.Debug|x64.Build.0 = Debug|x64
		{4CBB78C7-A177-4DF3-9E1F-3D19655EFA53}.Debug|x86.ActiveCfg = Debug|Win32
		{4CBB78C7-A177-4DF3-9E1F-3D19655EFA53}.Debug|x86.Build.0 = Debug|Win32
		{4CBB78C7-A177-4DF3-9E1F-3D19655EFA53}.Release|x64.ActiveCfg = Release|x64
		{4CBB78C7-A177-4DF3-9E1F-3D19655EFA53}.Release|x64.Build.0 = Release|x64
		{4CBB78C7-A177-4DF3-9E1F-3D19655EFA53}.Release|x86.ActiveCfg = Release|Win32
		{4CBB78C7-A177-4DF3-9E1F-3D19655EFA53}.Release|x86.Build.0 = Release|Win32
		{AE1415ED-5797-4DE2-AEC6-E198F02A6F95}.Debug|x64.ActiveCfg = Debug|x64
		{AE1415ED-5797-4DE2-AEC6-E198F02A6F95}.Debug|x64.Build.0 = Debug|x64
		{AE1415ED-5797-4DE2-AEC6-E198F02A6F95}.Debug|x86.ActiveCfg = Debug|Win32
		{AE1415ED-5797-4DE2-AEC6-E198F02A6F95}.Debug|x86.Build.0 = Debug|Win32
		{AE1415ED-5797-4DE2-AEC6-E198F02A6F95}.Release|x64.ActiveCfg = Release|x64
		{AE1415ED-5797-4DE2-AEC6-E198F02A6F95}.Release|x64.Build.0 = Release|x64
		{AE1415ED-5797-4DE2-AEC6-E198F02A6F95}.Release|x86.ActiveCfg = Release|Win32
		{AE1415ED-5797-4DE2-AEC6-E198F02A6F95}.Release|x86.Build.0 = Release|Win32
		{7EB3355C-29D9-4B37-AF31-DFDFE5FAA843}.Debug|x64.ActiveCfg = Debug|x64
		{7EB3355C-29D9-4B37-AF31-DFDFE5FAA843}.Debug|x64.Build.0 = Debug|x64
		{7EB3355C-29D9-4B37-AF31-DFDFE5FAA843}.Debug|x86.ActiveCfg = Debug|Win32
		{7EB3355C-29D9-4B37-AF31-DFDFE5FAA843}.Debug|x86.Build.0 = Debug|Win32
		{7EB3355C-29D9-4B37-AF31-DFDFE5FAA843}.Release|x64.ActiveCfg = Release|x64
		{7EB3355C-29D9-4B37-AF31-DFDFE5FAA843}.Release|x64.Build.0 = Release|x64
		{7EB3355C-29D9-4B37-AF31-DFDFE5FAA843}.Release|x86.ActiveCfg = Release|Win32
		{7EB3355C-29D9-4B37-AF31-DFDFE5FAA843}.Release|x86.Build.0 = Release|Win32
		{0E716A4C-E5A2-4609-BF1C-BAAC46701EFB}.Debug|x64.ActiveCfg = Debug|x64
		{0E716A4C-E5A2-4609-BF1C-BAAC46701EFB}.Debug|x64.Build.0 = Debug|x64
		{0E716A4C-E5A2-4609-BF1C-BAAC46701EFB}.Debug|x86.ActiveCfg = Debug|Win32
		{0E716A4C-E5A2-4609-BF1C-BAAC46701EFB}.Debug|x86.Build.0 = Debug|Win32
		{0E716A4C-E5A2-4609-BF1C-BAAC46701EFB}.Release|x64.ActiveCfg = Release|x64
		{0E716A4C-E5A2-4609-BF1C-BAAC46701EFB}.Release|x64.Build.0 = Release|x64
		{0E716A4C-E5A2-4609-BF1C-BAAC46701EFB}.Release|x86.ActiveCfg = Release|Win32
		{0E716A4C-E5A2-4609-BF1C-BAAC46701EFB}.Release|x86.Build.0 = Release|Win32
		{BFBE7A25-6074-4E45-A596-DFB8295C26A3}.Debug|x64.ActiveCfg = Debug|x64
		{BFBE7A25-6074-4E45-A596-DFB8295C26A3}.Debug|x64.Build.0 = Debug|x64
		{BFBE7A25-6074-4E45-A596-DFB8295C26A3}.Debug|x86.ActiveCfg = Debug|Win32
		{BFBE7A25-6074-4E45-A596-DFB8295C26A3}.Debug|x86.Build.0 = Debug|Win32
		{BFBE7A25-6074-4E45-A596-DFB8295C26A3}.Release|x64.ActiveCfg = Release|x64
		{BFBE7A25-6074-4E45-A596-DFB8295C26A3}.Release|x64.Build.0 = Release|x64
		{BFBE7A25-6074-4E45-A596-DFB8295C26A3}.Release|x86.ActiveCfg = Release|Win32
		{BFBE7A25-6074-4E45-A596-DFB8295C26A3}.Release|x86.Build.0 = Release|Win32
		{C02BFC75-E7B3-4A5E-AAA9-4451DCF4E9F2}.Debug|x64.ActiveCfg = Debug|x64
		{C02BFC75-E7B3-4A5E-AAA9-4451DCF4E9F2}.Debug|x64.Build.0 = Debug|x64
		{C02BFC75-E7B3-4A5E-AAA9-4451DCF4E9F2}.Debug|x86.ActiveCfg = Debug|Win32
		{C02BFC75-E7B3-4A5E-AAA9-4451DCF4E9F2}.Debug|x86.Build.0 = Debug|Win32
		{C02BFC75-E7B3-4A5E-AAA9-4451DCF4E9F2}.Release|x64.ActiveCfg = Release|x64
		{C02BFC75-E7B3-4A5E-AAA9-4451DCF4E9F2}.Release|x64.Build.0 = Release|x64
		{C02BFC75-E7B3-4A5E-AAA9-4451DCF4E9F2}.Release|x86.ActiveCfg = Release|Win32
		{C02BFC75-E7B3-4A5E-AAA9-4451DCF4E9F2}.Release|x86.Build.0 = Release|Win32
		{3158937B-938D-4F5B-8E08-8A83970BC0EC}.Debug|x64.ActiveCfg = Debug|x64
		{3158937B-938D-4F5B-8E08-8A83970BC0EC}.Debug|x64.Build.0 = Debug|x64
		{3158937B-938D-4F5B-8E08-8A83970BC0EC}.Debug|x86.ActiveCfg = Debug|Win32
		{3158937B-938D-4F5B-8E08-8A83970BC0EC}.Debug|x86.Build.0 = Debug|Win32
		{3158937B-938D-4F5B-8E08-8A83970BC0EC}.Release|x64.ActiveCfg = Release|x64
		{3158937B-938D-4F5B-8E08-8A83970BC0EC}.Release|x64.Build.0 = Release|x64
		{3158937B-938D-4F5B-8E08-8A83970BC0EC}.Release|x86.ActiveCfg = Release|Win32
		{3158937B-938D-4F5B-8E08-8A83970BC0EC}.Release|x86.Build.0 = Release|Win32
		{DDFCB941-FB45-4F55-A98F-5E17BF2DF780}.Debug|x64.ActiveCfg = Debug|x64
		{DDFCB941-FB45-4F55-A98F-5E17BF2DF780}.Debug|x64.Build.0 = Debug|x64
		{DDFCB941-FB45-4F55-A98F-5E17BF2DF780}.Debug|x86.ActiveCfg = Debug|Win32
		{DDFCB941-FB45-4F55-A98F-5E17BF2DF780}.Debug|x86.Build.0 = Debug|Win32
		{DDFCB941-FB45-4F55-A98F-5E17BF2DF780}.Release|x64.ActiveCfg = Release|x64
		{DDFCB941-FB45-4F55-A98F-5E17BF2DF780}.Release|x64.Build.0 = Release|x64
		{DDFCB941-FB45-4F55-A98F-5E17BF2DF780}.Release|x86.ActiveCfg = Release|Win32
		{DDFCB941-FB45-4F55-A98F-5E17BF2DF780}.Release|x86.Build.0 = Release|Win32
		{23A61816-7F33-4E54-8123-709876A8DC4F}.Debug|x64.ActiveCfg = Debug|x64
		{23A61816-7F33-4E54-8123-709876A8DC4F}.Debug|x64.Build.0 = Debug|x64
		{23A61816-7F33-4E54-8123-709876A8DC4F}.Debug|x86.ActiveCfg = Debug|Win32
		{23A61816-7F33-4E54-8123-709876A8DC4F}.Debug|x86.Build.0 = Debug|Win32
		{23A61816-7F33-4E54-8123-709876A8DC4F}.Release|x64.ActiveCfg = Release|x64
		{23A61816-7F33-4E54-8123-709876A8DC4F}.Release|x64.Build.0 = Release|x64
		{23A61816-7F33-4E54-8123-709876A8DC4F}.Release|x86.ActiveCfg = Release|Win32
		{23A61816-7F33-4E54-8123-709876A8DC4F}.Release|x86.Build.0 = Release|Win32
		{86ED23F9-6E8B-4E00-8EC9-1BB8BE29218A}.Debug|x64.ActiveCfg = Debug|x64
		{86ED23F9-6E8B-4E00-8EC9-1BB8BE29218A}.Debug|x64.Build.0 = Debug|x64
		{86ED23F9-6E8B-4E00-8EC9-1BB8BE29218A}.Debug|x86.ActiveCfg = Debug|Win32
		{86ED23F9-6E8B-4E00-8EC9-1BB8BE29218A}.Debug|x86.Build.0 = Debug|Win32
		{86ED23F9-6E8B-4E00-8EC9-1BB8BE29218A}.Release|x64.ActiveCfg = Release|x64
		{86ED23F9-6E8B-4E00-8EC9-1BB8BE29218A}.Release|x64.Build.0 = Release|x64
		{86ED23F9-6E8B-4E00-8EC9-1BB8BE29218A}.Release|x86.ActiveCfg = Release|Win32
		{86ED23F9-6E8B-4E00-8EC9-1BB8BE29218A}.Release|x86.Build.0 = Release|Win32
		{5F768922-7B6E-4A1E-B2B5-D4D282F88C6E}.Debug|x64.ActiveCfg = Debug|x64
		{5F768922-7B6E-4A1E-B2B5-D4D282F88C6E}.Debug|x64.Build.0 = Debug|x64
		{5F768922-7B6E-4A1E-B2B5-D4D282F88C6E}.Debug|x86.ActiveCfg = Debug|Win32
		{5F768922-7B6E-4A1E-B2B5-D4D282F88C6E}.Debug|x86.Build.0 = Debug|Win32
		{5F768922-7B6E-4A1E-B2B5-D4D282F88C6E}.Release|x64.ActiveCfg = Release|x64
		{5F768922-7B6E-4A1E-B2B5-D4D282F88C6E}.Release|x64.Build.0 = Release|x64
		{5F768922-7B6E-4A1E-B2B5-D4D282F88C6E}.Release|x86.ActiveCfg = Release|Win32
		{5F768922-7B6E-4A1E-B2B5-D4D282F88C6E}.Release|x86.Build.0 = Release|Win32
		{1699DD49-825F-4829-8549-768E13046CEA}.Debug|x64.ActiveCfg = Debug|x64
		{1699DD49-825F-4829-8549-768E13046CEA}.Debug|x64.Build.0 = Debug|x64
		{1699DD49-825F-4829-8549-768E13046CEA}.Debug|x86.ActiveCfg = Debug|Win32
		{1699DD49-825F-4829-8549-768E13046CEA}.Debug|x86.Build.0 = Debug|Win32
		{1699DD49-825F-4829-8549-768E13046CEA}.Release|x64.ActiveCfg = Release|x64
		{1699DD49-825F-4829-8549-768E13046CEA}.Release|x64.Build.0 = Release|x64
		{1699DD49-825F-4829-8549-768E13046CEA}.Release|x86.ActiveCfg = Release|Win32
		{1699DD49-825F-4829-8549-768E13046CEA}.Release|x86.Build.0 = Release|Win32
		{4DE15DC8-1F6D-487B-A2F6-308DE1C3B702}.Debug|x64.ActiveCfg = Debug|x64
		{4DE15DC8-1F6D-487B-A2F6-308DE1C3B702}.Debug|x64.Build.0 = Debug|x64
		{4DE15DC8-1F6D-487B-A2F6-308DE1C3B702}.Debug|x86.ActiveCfg = Debug|Win32
		{4DE15DC8-1F6D-487B-A2F6-308DE1C3B702}.Debug|x86.Build.0 = Debug|Win32
		{4DE15DC8-1F6D-487B-A2F6-308DE1C3B702}.Release|x64.ActiveCfg = Release|x64
		{4DE15DC8-1F6D-487B-A2F6-308DE1C3B702}.Release|x64.Build.0 = Release|x64
		{4DE15DC8-1F6D-487B-A2F6-308DE1C3B702}.Release|x86.ActiveCfg = Release|Win32
		{4DE15DC8-1F6D-487B-A2F6-308DE1C3B702}.Release|x86.Build.0 = Release|Win32
		{1E2069E6-7477-44FD-A484-C3270FD2E37C}.Debug|x64.ActiveCfg = Debug|x64
		{1E2069E6-7477-44FD-A484-C3270FD2E37C}.Debug|x64.Build.0 = Debug|x64
		{1E2069E6-7477-44FD-A484-C3270FD2E37C}.Debug|x86.ActiveCfg = Debug|Win32
		{1E2069E6-7477-44FD-A484-C3270FD2E37C}.Debug|x86.Build.0 = Debug|Win32
		{1E2069E6-7477-44FD-A484-C3270FD2E37C}.Release|x64.ActiveCfg = Release|x64
		{1E2069E6-7477-44FD-A484-C3270FD2E37C}.Release|x64.Build.0 = Release|x64
		{1E2069E6-7477-44FD-A484-C3270FD2E37C}.Release|x86.ActiveCfg = Release|Win32
		{1E2069E6-7477-44FD-A484-C3270FD2E37C}.Release|x86.Build.0 = Release|Win32
		{1078FC6F-4A75-4442-8651-BDA5DEBD8471}.Debug|x64.ActiveCfg = Debug|x64
		{1078FC6F-4A75-4442-8651-BDA5DEBD8471}.Debug|x64.Build.0 = Debug|x64
		{1078FC6F-4A75-4442-8651-BDA5DEBD8471}.Debug|x86.ActiveCfg = Debug|Win32
		{1078FC6F-4A75-4442-8651-BDA5DEBD8471}.Debug|x86.Build.0 = Debug|Win32
		{1078FC6F-4A75-4442-8651-BDA5DEBD8471}.Release|x64.ActiveCfg = Release|x64
		{1078FC6F-4A75-4442-8651-BDA5DEBD8471}.Release|x64.Build.0 = Release|x64
		{1078FC6F-4A75-4442-8651-BDA5DEBD8471}.Release|x86.ActiveCfg = Release|Win32
		{1078FC6F-4A75-4442-8651-BDA5DEBD8471}.Release|x86.Build.0 = Release|Win32
		{016A5907-3222-4A33-AB6E-0835F8B5929D}.Debug|x64.ActiveCfg = Debug|x64
		{016A5907-3222-4A33-AB6E-0835F8B5929D}.Debug|x64.Build.0 = Debug|x64
		{016A5907-3222-4A33-AB6E-0835F8B5929D}.Debug|x86.ActiveCfg = Debug|Win32
		{016A5907-3222-4A33-AB6E-0835F8B5929D}.Debug|x86.Build.0 = Debug|Win32
		{016A5907-3222-4A33-AB6E-0835F8B5929D}.Release|x64.ActiveCfg = Release|x64
		{016A5907-3222-4A33-AB6E-0835F8B5929D}.Release|x64.Build.0 = Release|x64
		{016A5907-3222-4A33-AB6E-0835F8B5929D}.Release|x86.ActiveCfg = Release|Win32
		{016A5907-3222-4A33-AB6E-0835F8B5929D}.Release|x86.Build.0 = Release|Win32
		{13BAF231-419B-4377-B7FF-2A0FBA5B3222}.Debug|x64.ActiveCfg = Debug|x64
		{13BAF231-419B-4377-B7FF-2A0FBA5B3222}.Debug|x64.Build.0 = Debug|x64
		{13BAF231-419B-4377-B7FF-2A0FBA5B3222}.Debug|x86.ActiveCfg = Debug|Win32
		{13BAF231-419B-4377-B7FF-2A0FBA5B3222}.Debug|x86.Build.0 = Debug|Win32
		{13BAF231-419B-4377-B7FF-2A0FBA5B3222}.Release|x64.ActiveCfg = Release|x64
		{13BAF231-419B-4377-B7FF-2A0FBA5B3222}.Release|x64.Build.0 = Release|x64
		{13BAF231-419B-4377-B7FF-2A0FBA5B3222}.Release|x86.ActiveCfg = Release|Win32
		{13BAF231-419B-4377-B7FF-2A0FBA5B3222}.Release|x86.Build.0 = Release|Win32
		{73C1BD12-819A-47E8-B1C3-3E1BA375F977}.Debug|x64.ActiveCfg = Debug|x64
		{73C1BD12-819A-47E8-B1C3-3E1BA375F977}.Debug|x64.Build.0 = Debug|x64
		{73C1BD12-819A-47E8-B1C3-3E1BA375F977}.Debug|x86.ActiveCfg = Debug|Win32
		{73C1BD12-819A-47E8-B1C3-3E1BA375F977}.Debug|x86.Build.0 = Debug|Win32
		{73C1BD12-819A-47E8-B1C3-3E1BA375F977}.Release|x64.ActiveCfg = Release|x64
		{73C1BD12-819A-47E8-B1C3-3E1BA375F977}.Release|x64.Build.0 = Release|x64
		{73C1BD12-819A-47E8-B1C3-3E1BA375F977}.Release|x86.ActiveCfg = Release|Win32
		{73C1BD12-819A-47E8-B1C3-3E1BA375F977}.Release|x86.Build.0 = Release|Win32
		{8978AA8D-E32E-49B9-ACD8-0A10A8004EE3}.Debug|x64.ActiveCfg = Debug|x64
		{8978AA8D-E32E-49B9-ACD8-0A10A8004EE3}.Debug|x64.Build.0 = Debug|x64
		{8978AA8D-E32E-49B9-ACD8-0A10A8004EE3}.Debug|x86.ActiveCfg = Debug|Win32
		{8978AA8D-E32E-49B9-ACD8-0A10A8004EE3}.Debug|x86.Build.0 = Debug|Win32
		{8978AA8D-E32E-49B9-ACD8-0A10A8004EE3}.Release|x64.ActiveCfg = Release|x64
		{8978AA8D-E32E-49B9-ACD8-0A10A8004EE3}.Release|x64.Build.0 = Release|x64
		{8978AA8D-E32E-49B9-ACD8-0A10A8004EE3}.Release|x86.ActiveCfg = Release|Win32
		{8978AA8D-E32E-49B9-ACD8-0A10A8004EE3}.Release|x86.Build.0 = Release|Win32
		{4C693DF2-AAEC-4979-90C7-858EDBFC752A}.Debug|x64.ActiveCfg = Debug|x64
		{4C693DF2-AAEC-4979-90C7-858EDBFC752A}.Debug|x64.Build.0 = Debug|x64
		{4C693DF2-AAEC-4979-90C7-858EDBFC752A}.Debug|x86.ActiveCfg = Debug|Win32
		{4C693DF2-AAEC-4979-90C7-858EDBFC752A}.Debug|x86.Build.0 = Debug|Win32
		{4C693DF2-AAEC-4979-90C7-858EDBFC752A}.Release|x64.ActiveCfg = Release|x64
		{4C693DF2-AAEC-4979-90C7-858EDBFC752A}.Release|x64.Build.0 = Release|x64
		{4C693DF2-AAEC-4979-90C7-858EDBFC752A}.Release|x86.ActiveCfg = Release|Win32
		{4C693DF2-AAEC-4979-90C7-858EDBFC752A}.Release|x86.Build.0 = Release|Win32
		{E6F79DE6-C6EA-45E0-983A-6FAE3255DD18}.Debug|x64.ActiveCfg = Debug|x64
		{E6F79DE6-C6EA-45E0-983A-6FAE3255DD18}.Debug|x64.Build.0 = Debug|x64
		{E6F79DE6-C6EA-45E0-983A-6FAE3255DD18}.Debug|x86.ActiveCfg = Debug|Win32
		{E6F79DE6-C6EA-45E0-983A-6FAE3255DD18}.Debug|x86.Build.0 = Debug|Win32
		{E6F79DE6-C6EA-45E0-983A-6FAE3255DD18}.Release|x64.ActiveCfg = Release|x64
		{E6F79DE6-C6EA-45E0-983A-6FAE3255DD18}.Release|x64.Build.0 = Release|x64
		{E6F79DE6-C6EA-45E0-983A-6FAE3255DD18}.Release|x86.ActiveCfg = Release|Win32
		{E6F79DE6-C6EA-45E0-983A-6FAE3255DD18}.Release|x86.Build.0 = Release|Win32
		{70BA7A97-1A79-45B2-BE43-7663AF6376F7}.Debug|x64.ActiveCfg = Debug|x64
		{70BA7A97-1A79-45B2-BE43-7663AF6376F7}.Debug|x64.Build.0 = Debug|x64
		{70BA7A97-1A79-45B2-BE43-7663AF6376F7}.Debug|x86.ActiveCfg = Debug|Win32
		{70BA7A97-1A79-45B2-BE43-7663AF6376F7}.Debug|x86.Build.0 = Debug|Win32
		{70BA7A97-1A79-45B2-BE43-7663AF6376F7}.Release|x64.ActiveCfg = Release|x64
		{70BA7A97-1A79-45B2-BE43-7663AF6376F7}.Release|x64.Build.0 = Release|x64
		{70BA7A97-1A79-45B2-BE43-7663AF6376F7}.Release|x86.ActiveCfg = Release|Win32
		{70BA7A97-1A79-45B2-BE43-7663AF6376F7}.Release|x86.Build.0 = Release|Win32
		{2E9B9192-A106-4FA4-B316-3D25A361EFDA}.Debug|x64.ActiveCfg = Debug|x64
		{2E9B9192-A106-4FA4-B316-3D25A361EFDA}.Debug|x64.Build.0 = Debug|x64
		{2E9B9192-A106-4FA4-B316-3D25A361EFDA}.Debug|x86.ActiveCfg = Debug|Win32
		{2E9B9192-A106-4FA4-B316-3D25A361EFDA}.Debug|x86.Build.0 = Debug|Win32
		{2E9B9192-A106-4FA4-B316-3D25A361EFDA}.Release|x64.ActiveCfg = Release|x64
		{2E9B9192-A106-4FA4-B316-3D25A361EFDA}.Release|x64.Build.0 = Release|x64
		{2E9B9192-A106-4FA4-B316-3D25A361EFDA}.Release|x86.ActiveCfg = Release|Win32
		{2E9B9192-A106-4FA4-B316-3D25A361EFDA}.Release|x86.Build.0 = Release|Win32
		{52CCF86C-5179-40B6-A7CB-7770D583543E}.Debug|x64.ActiveCfg = Debug|x64
		{52CCF86C-5179-40B6-A7CB-7770D583543E}.Debug|x64.Build.0 = Debug|x64
		{52CCF86C-5179-40B6-A7CB-7770D583543E}.Debug|x86.ActiveCfg = Debug|Win32
		{52CCF86C-5179-40B6-A7CB-7770D583543E}.Debug|x86.Build.0 = Debug|Win32
		{52CCF86C-5179-40B6-A7CB-7770D583543E}.Release|x64.ActiveCfg = Release|x64
		{52CCF86C-5179-40B6-A7CB-7770D583543E}.Release|x64.Build.0 = Release|x64
		{52CCF86C-5179-40B6-A7CB-7770D583543E}.Release|x86.ActiveCfg = Release|Win32
		{52CCF86C-5179-40B6-A7CB-7770D583543E}.Release|x86.Build.0 = Release|Win32
	EndGlobalSection
	GlobalSection(SolutionProperties) = preSolution
		HideSolutionNode = FALSE
	EndGlobalSection
	GlobalSection(NestedProjects) = preSolution
		{3FE284BE-4B61-4A6B-809E-FE50FB3D25E8} = {C0650948-B9D3-47AE-8880-56506DAAF461}
		{4AB2D023-877E-459A-8EBE-7E8FF3C43BED} = {C0650948-B9D3-47AE-8880-56506DAAF461}
		{4CBB78C7-A177-4DF3-9E1F-3D19655EFA53} = {C0650948-B9D3-47AE-8880-56506DAAF461}
		{AE1415ED-5797-4DE2-AEC6-E198F02A6F95} = {C0650948-B9D3-47AE-8880-56506DAAF461}
		{7EB3355C-29D9-4B37-AF31-DFDFE5FAA843} = {C0650948-B9D3-47AE-8880-56506DAAF461}
		{0E716A4C-E5A2-4609-BF1C-BAAC46701EFB} = {C0650948-B9D3-47AE-8880-56506DAAF461}
		{BFBE7A25-6074-4E45-A596-DFB8295C26A3} = {1162CD28-FC94-44E0-A410-BEA0BB75450A}
		{C02BFC75-E7B3-4A5E-AAA9-4451DCF4E9F2} = {1162CD28-FC94-44E0-A410-BEA0BB75450A}
		{3158937B-938D-4F5B-8E08-8A83970BC0EC} = {1162CD28-FC94-44E0-A410-BEA0BB75450A}
		{DDFCB941-FB45-4F55-A98F-5E17BF2DF780} = {1162CD28-FC94-44E0-A410-BEA0BB75450A}
		{23A61816-7F33-4E54-8123-709876A8DC4F} = {1162CD28-FC94-44E0-A410-BEA0BB75450A}
		{86ED23F9-6E8B-4E00-8EC9-1BB8BE29218A} = {1162CD28-FC94-44E0-A410-BEA0BB75450A}
		{5F768922-7B6E-4A1E-B2B5-D4D282F88C6E} = {1162CD28-FC94-44E0-A410-BEA0BB75450A}
		{1699DD49-825F-4829-8549-768E13046CEA} = {1162CD28-FC94-44E0-A410-BEA0BB75450A}
		{4DE15DC8-1F6D-487B-A2F6-308DE1C3B702} = {1162CD28-FC94-44E0-A410-BEA0BB75450A}
		{1E2069E6-7477-44FD-A484-C3270FD2E37C} = {1162CD28-FC94-44E0-A410-BEA0BB75450A}
		{1078FC6F-4A75-4442-8651-BDA5DEBD8471} = {1162CD28-FC94-44E0-A410-BEA0BB75450A}
		{016A5907-3222-4A33-AB6E-0835F8B5929D} = {1162CD28-FC94-44E0-A410-BEA0BB75450A}
		{13BAF231-419B-4377-B7FF-2A0FBA5B3222} = {1162CD28-FC94-44E0-A410-BEA0BB75450A}
		{73C1BD12-819A-47E8-B1C3-3E1BA375F977} = {1162CD28-FC94-44E0-A410-BEA0BB75450A}
		{8978AA8D-E32E-49B9-ACD8-0A10A8004EE3} = {1162CD28-FC94-44E0-A410-BEA0BB75450A}
		{4C693DF2-AAEC-4979-90C7-858EDBFC752A} = {1162CD28-FC94-44E0-A410-BEA0BB75450A}
		{E6F79DE6-C6EA-45E0-983A-6FAE3255DD18} = {1162CD28-FC94-44E0-A410-BEA0BB75450A}
		{70BA7A97-1A79-45B2-BE43-7663AF6376F7} = {1162CD28-FC94-44E0-A410-BEA0BB75450A}
		{2E9B9192-A106-4FA4-B316-3D25A361EFDA} = {1162CD28-FC94-44E0-A410-BEA0BB75450A}
		{52CCF86C-5179-40B6-A7CB-7770D583543E} = {1162CD28-FC94-44E0-A410-BEA0BB75450A}
	EndGlobalSection
EndGlobal
