
Microsoft Visual Studio Solution File, Format Version 12.00
# Visual Studio 14
VisualStudioVersion = 14.0.25420.1
MinimumVisualStudioVersion = 10.0.40219.1
Project("{8BC9CEB8-8B4A-11D0-8D11-00A0C91BC942}") = "Selection", "Selection\Selection.vcxproj", "{3FE284BE-4B61-4A6B-809E-FE50FB3D25E8}"
EndProject
Project("{8BC9CEB8-8B4A-11D0-8D11-00A0C91BC942}") = "Insertion", "Insertion\Insertion.vcxproj", "{4AB2D023-877E-459A-8EBE-7E8FF3C43BED}"
EndProject
Project("{8BC9CEB8-8B4A-11D0-8D11-00A0C91BC942}") = "Quick", "Quick\Quick.vcxproj", "{4CBB78C7-A177-4DF3-9E1F-3D19655EFA53}"
EndProject
Project("{8BC9CEB8-8B4A-11D0-8D11-00A0C91BC942}") = "BinarySearch", "BinarySearch\BinarySearch.vcxproj", "{AE1415ED-5797-4DE2-AEC6-E198F02A6F95}"
EndProject
Project("{8BC9CEB8-8B4A-11D0-8D11-00A0C91BC942}") = "Merge", "Merge\Merge.vcxproj", "{7EB3355C-29D9-4B37-AF31-DFDFE5FAA843}"
EndProject
Project("{8BC9CEB8-8B4A-11D0-8D11-00A0C91BC942}") = "Shell", "Shell\Shell.vcxproj", "{0E716A4C-E5A2-4609-BF1C-BAAC46701EFB}"
EndProject
Project("{8BC9CEB8-8B4A-11D0-8D11-00A0C91BC942}") = "Graphs", "Graphs\Graphs.vcxproj", "{BFBE7A25-6074-4E45-A596-DFB8295C26A3}"
EndProject
Project("{8BC9CEB8-8B4A-11D0-8D11-00A0C91BC942}") = "DepthFirstSearch", "DepthFirstSearch\DepthFirstSearch.vcxproj", "{C02BFC75-E7B3-4A5E-AAA9-4451DCF4E9F2}"
EndProject
Global
	GlobalSection(SolutionConfigurationPlatforms) = preSolution
		Debug|x64 = Debug|x64
		Debug|x86 = Debug|x86
		Release|x64 = Release|x64
		Release|x86 = Release|x86
	EndGlobalSection
	GlobalSection(ProjectConfigurationPlatforms) = postSolution
		{3FE284BE-4B61-4A6B-809E-FE50FB3D25E8}.Debug|x64.ActiveCfg = Debug|x64
		{3FE284BE-4B61-4A6B-809E-FE50FB3D25E8}.Debug|x64.Build.0 = Debug|x64
		{3FE284BE-4B61-4A6B-809E-FE50FB3D25E8}.Debug|x86.ActiveCfg = Debug|Win32
		{3FE284BE-4B61-4A6B-809E-FE50FB3D25E8}.Debug|x86.Build.0 = Debug|Win32
		{3FE284BE-4B61-4A6B-809E-FE50FB3D25E8}.Release|x64.ActiveCfg = Release|x64
		{3FE284BE-4B61-4A6B-809E-FE50FB3D25E8}.Release|x64.Build.0 = Release|x64
		{3FE284BE-4B61-4A6B-809E-FE50FB3D25E8}.Release|x86.ActiveCfg = Release|Win32
		{3FE284BE-4B61-4A6B-809E-FE50FB3D25E8}.Release|x86.Build.0 = Release|Win32
		{4AB2D023-877E-459A-8EBE-7E8FF3C43BED}.Debug|x64.ActiveCfg = Debug|x64
		{4AB2D023-877E-459A-8EBE-7E8FF3C43BED}.Debug|x64.Build.0 = Debug|x64
		{4AB2D023-877E-459A-8EBE-7E8FF3C43BED}.Debug|x86.ActiveCfg = Debug|Win32
		{4AB2D023-877E-459A-8EBE-7E8FF3C43BED}.Debug|x86.Build.0 = Debug|Win32
		{4AB2D023-877E-459A-8EBE-7E8FF3C43BED}.Release|x64.ActiveCfg = Release|x64
		{4AB2D023-877E-459A-8EBE-7E8FF3C43BED}.Release|x64.Build.0 = Release|x64
		{4AB2D023-877E-459A-8EBE-7E8FF3C43BED}.Release|x86.ActiveCfg = Release|Win32
		{4AB2D023-877E-459A-8EBE-7E8FF3C43BED}.Release|x86.Build.0 = Release|Win32
		{4CBB78C7-A177-4DF3-9E1F-3D19655EFA53}.Debug|x64.ActiveCfg = Debug|x64
		{4CBB78C7-A177-4DF3-9E1F-3D19655EFA53}.Debug|x64.Build.0 = Debug|x64
		{4CBB78C7-A177-4DF3-9E1F-3D19655EFA53}.Debug|x86.ActiveCfg = Debug|Win32
		{4CBB78C7-A177-4DF3-9E1F-3D19655EFA53}.Debug|x86.Build.0 = Debug|Win32
		{4CBB78C7-A177-4DF3-9E1F-3D19655EFA53}.Release|x64.ActiveCfg = Release|x64
		{4CBB78C7-A177-4DF3-9E1F-3D19655EFA53}.Release|x64.Build.0 = Release|x64
		{4CBB78C7-A177-4DF3-9E1F-3D19655EFA53}.Release|x86.ActiveCfg = Release|Win32
		{4CBB78C7-A177-4DF3-9E1F-3D19655EFA53}.Release|x86.Build.0 = Release|Win32
		{AE1415ED-5797-4DE2-AEC6-E198F02A6F95}.Debug|x64.ActiveCfg = Debug|x64
		{AE1415ED-5797-4DE2-AEC6-E198F02A6F95}.Debug|x64.Build.0 = Debug|x64
		{AE1415ED-5797-4DE2-AEC6-E198F02A6F95}.Debug|x86.ActiveCfg = Debug|Win32
		{AE1415ED-5797-4DE2-AEC6-E198F02A6F95}.Debug|x86.Build.0 = Debug|Win32
		{AE1415ED-5797-4DE2-AEC6-E198F02A6F95}.Release|x64.ActiveCfg = Release|x64
		{AE1415ED-5797-4DE2-AEC6-E198F02A6F95}.Release|x64.Build.0 = Release|x64
		{AE1415ED-5797-4DE2-AEC6-E198F02A6F95}.Release|x86.ActiveCfg = Release|Win32
		{AE1415ED-5797-4DE2-AEC6-E198F02A6F95}.Release|x86.Build.0 = Release|Win32
		{7EB3355C-29D9-4B37-AF31-DFDFE5FAA843}.Debug|x64.ActiveCfg = Debug|x64
		{7EB3355C-29D9-4B37-AF31-DFDFE5FAA843}.Debug|x64.Build.0 = Debug|x64
		{7EB3355C-29D9-4B37-AF31-DFDFE5FAA843}.Debug|x86.ActiveCfg = Debug|Win32
		{7EB3355C-29D9-4B37-AF31-DFDFE5FAA843}.Debug|x86.Build.0 = Debug|Win32
		{7EB3355C-29D9-4B37-AF31-DFDFE5FAA843}.Release|x64.ActiveCfg = Release|x64
		{7EB3355C-29D9-4B37-AF31-DFDFE5FAA843}.Release|x64.Build.0 = Release|x64
		{7EB3355C-29D9-4B37-AF31-DFDFE5FAA843}.Release|x86.ActiveCfg = Release|Win32
		{7EB3355C-29D9-4B37-AF31-DFDFE5FAA843}.Release|x86.Build.0 = Release|Win32
		{0E716A4C-E5A2-4609-BF1C-BAAC46701EFB}.Debug|x64.ActiveCfg = Debug|x64
		{0E716A4C-E5A2-4609-BF1C-BAAC46701EFB}.Debug|x64.Build.0 = Debug|x64
		{0E716A4C-E5A2-4609-BF1C-BAAC46701EFB}.Debug|x86.ActiveCfg = Debug|Win32
		{0E716A4C-E5A2-4609-BF1C-BAAC46701EFB}.Debug|x86.Build.0 = Debug|Win32
		{0E716A4C-E5A2-4609-BF1C-BAAC46701EFB}.Release|x64.ActiveCfg = Release|x64
		{0E716A4C-E5A2-4609-BF1C-BAAC46701EFB}.Release|x64.Build.0 = Release|x64
		{0E716A4C-E5A2-4609-BF1C-BAAC46701EFB}.Release|x86.ActiveCfg = Release|Win32
		{0E716A4C-E5A2-4609-BF1C-BAAC46701EFB}.Release|x86.Build.0 = Release|Win32
		{BFBE7A25-6074-4E45-A596-DFB8295C26A3}.Debug|x64.ActiveCfg = Debug|x64
		{BFBE7A25-6074-4E45-A596-DFB8295C26A3}.Debug|x64.Build.0 = Debug|x64
		{BFBE7A25-6074-4E45-A596-DFB8295C26A3}.Debug|x86.ActiveCfg = Debug|Win32
		{BFBE7A25-6074-4E45-A596-DFB8295C26A3}.Debug|x86.Build.0 = Debug|Win32
		{BFBE7A25-6074-4E45-A596-DFB8295C26A3}.Release|x64.ActiveCfg = Release|x64
		{BFBE7A25-6074-4E45-A596-DFB8295C26A3}.Release|x64.Build.0 = Release|x64
		{BFBE7A25-6074-4E45-A596-DFB8295C26A3}.Release|x86.ActiveCfg = Release|Win32
		{BFBE7A25-6074-4E45-A596-DFB8295C26A3}.Release|x86.Build.0 = Release|Win32
		{C02BFC75-E7B3-4A5E-AAA9-4451DCF4E9F2}.Debug|x64.ActiveCfg = Debug|x64
		{C02BFC75-E7B3-4A5E-AAA9-4451DCF4E9F2}.Debug|x64.Build.0 = Debug|x64
		{C02BFC75-E7B3-4A5E-AAA9-4451DCF4E9F2}.Debug|x86.ActiveCfg = Debug|Win32
		{C02BFC75-E7B3-4A5E-AAA9-4451DCF4E9F2}.Debug|x86.Build.0 = Debug|Win32
		{C02BFC75-E7B3-4A5E-AAA9-4451DCF4E9F2}.Release|x64.ActiveCfg = Release|x64
		{C02BFC75-E7B3-4A5E-AAA9-4451DCF4E9F2}.Release|x64.Build.0 = Release|x64
		{C02BFC75-E7B3-4A5E-AAA9-4451DCF4E9F2}.Release|x86.ActiveCfg = Release|Win32
		{C02BFC75-E7B3-4A5E-AAA9-4451DCF4E9F2}.Release|x86.Build.0 = Release|Win32
	EndGlobalSection
	GlobalSection(SolutionProperties) = preSolution
		HideSolutionNode = FALSE
	EndGlobalSection
EndGlobal
